
Microsoft Visual Studio Solution File, Format Version 12.00
# Visual Studio 14
VisualStudioVersion = 14.0.23107.0
MinimumVisualStudioVersion = 10.0.40219.1
Project("{F184B08F-C81C-45F6-A57F-5ABD9991F28F}") = "Practical Chemistry", "WindowsApplication1\Practical Chemistry.vbproj", "{343D9A01-C281-4C18-B1D3-D518F5CAB71B}"
EndProject
Global
	GlobalSection(SolutionConfigurationPlatforms) = preSolution
		Debug|Any CPU = Debug|Any CPU
		Release|Any CPU = Release|Any CPU
	EndGlobalSection
	GlobalSection(ProjectConfigurationPlatforms) = postSolution
		{343D9A01-C281-4C18-B1D3-D518F5CAB71B}.Debug|Any CPU.ActiveCfg = Debug|Any CPU
		{343D9A01-C281-4C18-B1D3-D518F5CAB71B}.Debug|Any CPU.Build.0 = Debug|Any CPU
		{343D9A01-C281-4C18-B1D3-D518F5CAB71B}.Release|Any CPU.ActiveCfg = Debug|Any CPU
		{343D9A01-C281-4C18-B1D3-D518F5CAB71B}.Release|Any CPU.Build.0 = Debug|Any CPU
		{343D9A01-C281-4C18-B1D3-D518F5CAB71B}.Release|Any CPU.Deploy.0 = Debug|Any CPU
	EndGlobalSection
	GlobalSection(SolutionProperties) = preSolution
		HideSolutionNode = FALSE
	EndGlobalSection
EndGlobal
